{
  "name": "demo-typescript",
  "version": "1.0.0",
  "lockfileVersion": 2,
  "requires": true,
  "packages": {
    "": {
      "name": "demo-typescript",
      "version": "1.0.0",
      "license": "ISC",
      "dependencies": {
        "@cardano-ogmios/client": "^6.0.3",
        "@emurgo/cardano-serialization-lib-nodejs": "^11.5.0",
        "lbf-demo-config-api": "file:.extra-dependencies/lbf-demo-config-api-1.0.0.tgz",
        "lbf-demo-plutus-api": "file:.extra-dependencies/lbf-demo-plutus-api-1.0.0.tgz",
        "lbf-plutus": "file:.extra-dependencies/lbf-plutus-1.0.0.tgz",
        "lbf-prelude": "file:.extra-dependencies/lbf-prelude-1.0.0.tgz",
        "lbr-plutus": "file:.extra-dependencies/lbr-plutus-1.0.0.tgz",
        "lbr-prelude": "file:.extra-dependencies/lbr-prelude-1.0.0.tgz",
        "plutus-ledger-api": "file:.extra-dependencies/plutus-ledger-api-1.0.0.tgz",
        "prelude": "file:.extra-dependencies/prelude-1.0.1.tgz"
      },
      "devDependencies": {
        "@cardano-ogmios/schema": "^6.0.3",
        "@types/node": "^20.11.19",
        "typescript": "^5.3.3"
      }
    },
    "node_modules/@cardano-ogmios/client": {
      "version": "6.0.3",
      "resolved": "https://registry.npmjs.org/@cardano-ogmios/client/-/client-6.0.3.tgz",
      "integrity": "sha512-Ezz12ZR2S6am4wJ20d0GAewWmNdM8e7ZSOSIXB0kTbrXUfkZBBagkUfS4iOKL+aJLsSRU+CgUbTSstA8K7ppEA==",
      "dependencies": {
        "@cardano-ogmios/schema": "6.0.3",
        "@cardanosolutions/json-bigint": "^1.0.1",
        "@types/json-bigint": "^1.0.1",
        "bech32": "^2.0.0",
        "cross-fetch": "^3.1.4",
        "fastq": "^1.11.0",
        "isomorphic-ws": "^4.0.1",
        "nanoid": "^3.1.31",
        "ts-custom-error": "^3.2.0",
        "ws": "^7.4.6"
      },
      "engines": {
        "node": ">=14"
      }
    },
    "node_modules/@cardano-ogmios/schema": {
      "version": "6.0.3",
      "resolved": "https://registry.npmjs.org/@cardano-ogmios/schema/-/schema-6.0.3.tgz",
      "integrity": "sha512-WDqu/1gckAN49bZ4Gu6pW27kJm/tYiuN/e0H+QqzMOGoULHRTfDpEnyqb845KWa9vsV0iuMlePvSh8CdLImkyA==",
      "engines": {
        "node": ">=14"
      }
    },
    "node_modules/@cardanosolutions/json-bigint": {
      "version": "1.0.1",
      "resolved": "https://registry.npmjs.org/@cardanosolutions/json-bigint/-/json-bigint-1.0.1.tgz",
      "integrity": "sha512-mbYL6jtHqMFCZnTFhmkmoeDzHMBino0gMiGQnOJE7CwzZzkK2HCpH0MTBk+84QDadMEGX7iFt7uB+levm1a+bQ==",
      "dependencies": {
        "bignumber.js": "^9.0.0"
      }
    },
    "node_modules/@emurgo/cardano-serialization-lib-nodejs": {
      "version": "11.5.0",
      "resolved": "https://registry.npmjs.org/@emurgo/cardano-serialization-lib-nodejs/-/cardano-serialization-lib-nodejs-11.5.0.tgz",
      "integrity": "sha512-IlVABlRgo9XaTR1NunwZpWcxnfEv04ba2l1vkUz4S1W7Jt36F4CtffP+jPeqBZGnAe+fnUwo0XjIJC3ZTNToNQ=="
    },
    "node_modules/@types/json-bigint": {
      "version": "1.0.4",
      "resolved": "https://registry.npmjs.org/@types/json-bigint/-/json-bigint-1.0.4.tgz",
      "integrity": "sha512-ydHooXLbOmxBbubnA7Eh+RpBzuaIiQjh8WGJYQB50JFGFrdxW7JzVlyEV7fAXw0T2sqJ1ysTneJbiyNLqZRAag=="
    },
    "node_modules/@types/node": {
      "version": "20.11.19",
      "resolved": "https://registry.npmjs.org/@types/node/-/node-20.11.19.tgz",
      "integrity": "sha512-7xMnVEcZFu0DikYjWOlRq7NTPETrm7teqUT2WkQjrTIkEgUyyGdWsj/Zg8bEJt5TNklzbPD1X3fqfsHw3SpapQ==",
      "dev": true,
      "dependencies": {
        "undici-types": "~5.26.4"
      }
    },
    "node_modules/bech32": {
      "version": "2.0.0",
      "resolved": "https://registry.npmjs.org/bech32/-/bech32-2.0.0.tgz",
      "integrity": "sha512-LcknSilhIGatDAsY1ak2I8VtGaHNhgMSYVxFrGLXv+xLHytaKZKcaUJJUE7qmBr7h33o5YQwP55pMI0xmkpJwg=="
    },
    "node_modules/bignumber.js": {
      "version": "9.1.2",
      "resolved": "https://registry.npmjs.org/bignumber.js/-/bignumber.js-9.1.2.tgz",
      "integrity": "sha512-2/mKyZH9K85bzOEfhXDBFZTGd1CTs+5IHpeFQo9luiBG7hghdC851Pj2WAhb6E3R6b9tZj/XKhbg4fum+Kepug==",
      "engines": {
        "node": "*"
      }
    },
    "node_modules/cross-fetch": {
      "version": "3.1.8",
      "resolved": "https://registry.npmjs.org/cross-fetch/-/cross-fetch-3.1.8.tgz",
      "integrity": "sha512-cvA+JwZoU0Xq+h6WkMvAUqPEYy92Obet6UdKLfW60qn99ftItKjB5T+BkyWOFWe2pUyfQ+IJHmpOTznqk1M6Kg==",
      "dependencies": {
        "node-fetch": "^2.6.12"
      }
    },
    "node_modules/fastq": {
      "version": "1.17.1",
      "resolved": "https://registry.npmjs.org/fastq/-/fastq-1.17.1.tgz",
      "integrity": "sha512-sRVD3lWVIXWg6By68ZN7vho9a1pQcN/WBFaAAsDDFzlJjvoGx0P8z7V1t72grFJfJhu3YPZBuu25f7Kaw2jN1w==",
      "dependencies": {
        "reusify": "^1.0.4"
      }
    },
    "node_modules/isomorphic-ws": {
      "version": "4.0.1",
      "resolved": "https://registry.npmjs.org/isomorphic-ws/-/isomorphic-ws-4.0.1.tgz",
      "integrity": "sha512-BhBvN2MBpWTaSHdWRb/bwdZJ1WaehQ2L1KngkCkfLUGF0mAWAT1sQUQacEmQ0jXkFw/czDXPNQSL5u2/Krsz1w==",
      "peerDependencies": {
        "ws": "*"
      }
    },
    "node_modules/lbf-demo-config-api": {
      "version": "1.0.0",
      "resolved": "file:.extra-dependencies/lbf-demo-config-api-1.0.0.tgz",
      "integrity": "sha512-oTdf/eVHe8+8EVMbu/y9GWMfrkmwiYf2N1GPlluw1xwzzKOAENUA1ThPcLODf93SwpH0en/J5qbyeTsxCdvLXA==",
      "dependencies": {
        "lbf-prelude": "file:.extra-dependencies/lbf-prelude-1.0.0.tgz",
        "lbr-prelude": "file:.extra-dependencies/lbr-prelude-1.0.0.tgz",
        "prelude": "file:.extra-dependencies/prelude-1.0.1.tgz"
      }
    },
    "node_modules/lbf-demo-plutus-api": {
      "version": "1.0.0",
      "resolved": "file:.extra-dependencies/lbf-demo-plutus-api-1.0.0.tgz",
      "integrity": "sha512-rL2UccKmeSalCkogfttn6SBhp857nbGpFdhr6Bo95Y/aFGq6x2zLvmCyjyN2Sop5HMIephPEgodFzNbEvWXczA==",
      "dependencies": {
        "lbf-plutus": "file:.extra-dependencies/lbf-plutus-1.0.0.tgz",
        "lbf-prelude": "file:.extra-dependencies/lbf-prelude-1.0.0.tgz",
        "lbr-plutus": "file:.extra-dependencies/lbr-plutus-1.0.0.tgz",
        "lbr-prelude": "file:.extra-dependencies/lbr-prelude-1.0.0.tgz",
        "plutus-ledger-api": "file:.extra-dependencies/plutus-ledger-api-1.0.0.tgz",
        "prelude": "file:.extra-dependencies/prelude-1.0.1.tgz"
      }
    },
    "node_modules/lbf-plutus": {
      "version": "1.0.0",
      "resolved": "file:.extra-dependencies/lbf-plutus-1.0.0.tgz",
      "integrity": "sha512-/dZoGs5Rzbm6oTfMl4X8s0T7HGXXYmdDc0iH3dz7+hquji6llL/qbDXBoy/N0R/xczSLRTPITTLD2/XuSUjDnQ==",
      "dependencies": {
        "lbf-prelude": "file:.extra-dependencies/lbf-prelude-1.0.0.tgz",
        "lbr-plutus": "file:.extra-dependencies/lbr-plutus-1.0.0.tgz",
        "lbr-prelude": "file:.extra-dependencies/lbr-prelude-1.0.0.tgz",
        "plutus-ledger-api": "file:.extra-dependencies/plutus-ledger-api-1.0.0.tgz",
        "prelude": "file:.extra-dependencies/prelude-1.0.1.tgz"
      }
    },
    "node_modules/lbf-prelude": {
      "version": "1.0.0",
      "resolved": "file:.extra-dependencies/lbf-prelude-1.0.0.tgz",
      "integrity": "sha512-t1qy5dWNhy519XKCH1qTLxOfIwHAXSrj/e5p/GoxperD36U9bGxVnznmpbyjO/fUGS/y+9TtJ2hrLnQukywZlg==",
      "dependencies": {
        "lbr-prelude": "file:.extra-dependencies/lbr-prelude-1.0.0.tgz",
        "prelude": "file:.extra-dependencies/prelude-1.0.1.tgz"
      }
    },
    "node_modules/lbr-plutus": {
      "version": "1.0.0",
      "resolved": "file:.extra-dependencies/lbr-plutus-1.0.0.tgz",
      "integrity": "sha512-i9Ym50dKceIPeIAkEezt5HIS4gabU5rjLlR81jIjjlAlDVDVK6iUgeWXWvtK5ugbEbeDmWbCz4d4aww7sImAVA==",
      "license": "ISC",
      "dependencies": {
        "lbr-prelude": "file:.extra-dependencies/lbr-prelude-1.0.0.tgz",
        "plutus-ledger-api": "file:.extra-dependencies/plutus-ledger-api-1.0.0.tgz",
        "prelude": "file:.extra-dependencies/prelude-1.0.1.tgz"
      }
    },
    "node_modules/lbr-prelude": {
      "version": "1.0.0",
      "resolved": "file:.extra-dependencies/lbr-prelude-1.0.0.tgz",
      "integrity": "sha512-raSbQUgrD7fLHiqq4Hkd823pDJI4cTyn9CnYsehXXiMXLdJYBLA6sJchKAPDybn4DHQXgoTj9AKbMuSMmhLAHw==",
      "license": "ISC",
      "dependencies": {
        "prelude": "file:.extra-dependencies/prelude-1.0.1.tgz",
        "typescript": "^5.3.3"
      }
    },
    "node_modules/nanoid": {
      "version": "3.3.7",
      "resolved": "https://registry.npmjs.org/nanoid/-/nanoid-3.3.7.tgz",
      "integrity": "sha512-eSRppjcPIatRIMC1U6UngP8XFcz8MQWGQdt1MTBQ7NaAmvXDfvNxbvWV3x2y6CdEUciCSsDHDQZbhYaB8QEo2g==",
      "funding": [
        {
          "type": "github",
          "url": "https://github.com/sponsors/ai"
        }
      ],
      "bin": {
        "nanoid": "bin/nanoid.cjs"
      },
      "engines": {
        "node": "^10 || ^12 || ^13.7 || ^14 || >=15.0.1"
      }
    },
    "node_modules/node-fetch": {
      "version": "2.7.0",
      "resolved": "https://registry.npmjs.org/node-fetch/-/node-fetch-2.7.0.tgz",
      "integrity": "sha512-c4FRfUm/dbcWZ7U+1Wq0AwCyFL+3nt2bEw05wfxSz+DWpWsitgmSgYmy2dQdWyKC1694ELPqMs/YzUSNozLt8A==",
      "dependencies": {
        "whatwg-url": "^5.0.0"
      },
      "engines": {
        "node": "4.x || >=6.0.0"
      },
      "peerDependencies": {
        "encoding": "^0.1.0"
      },
      "peerDependenciesMeta": {
        "encoding": {
          "optional": true
        }
      }
    },
    "node_modules/plutus-ledger-api": {
      "version": "1.0.0",
      "resolved": "file:.extra-dependencies/plutus-ledger-api-1.0.0.tgz",
      "integrity": "sha512-WNLlu5LCTj/3VVK+K9JDdxJC8vjolSnk97aJwADS3Rr3Gj/YZSi4Vge4MuZSz6Tpbf4IKglIizBKAwTkj6VjKQ==",
      "license": "ISC",
      "dependencies": {
        "prelude": "file:.extra-dependencies/prelude-1.0.1.tgz"
      }
    },
    "node_modules/prelude": {
      "version": "1.0.1",
      "resolved": "file:.extra-dependencies/prelude-1.0.1.tgz",
      "integrity": "sha512-u1neUnrm4bxJSyMYTb549KhQiwDu1VJ0iDP3PFpdfl2aEPIdkw2Qz0efgS9PFb3xkrGx0qsRLTgQaBCUbh+ZVw==",
      "license": "ISC"
    },
    "node_modules/reusify": {
      "version": "1.0.4",
      "resolved": "https://registry.npmjs.org/reusify/-/reusify-1.0.4.tgz",
      "integrity": "sha512-U9nH88a3fc/ekCF1l0/UP1IosiuIjyTh7hBvXVMHYgVcfGvt897Xguj2UOLDeI5BG2m7/uwyaLVT6fbtCwTyzw==",
      "engines": {
        "iojs": ">=1.0.0",
        "node": ">=0.10.0"
      }
    },
    "node_modules/tr46": {
      "version": "0.0.3",
      "resolved": "https://registry.npmjs.org/tr46/-/tr46-0.0.3.tgz",
      "integrity": "sha512-N3WMsuqV66lT30CrXNbEjx4GEwlow3v6rr4mCcv6prnfwhS01rkgyFdjPNBYd9br7LpXV1+Emh01fHnq2Gdgrw=="
    },
    "node_modules/ts-custom-error": {
      "version": "3.3.1",
      "resolved": "https://registry.npmjs.org/ts-custom-error/-/ts-custom-error-3.3.1.tgz",
      "integrity": "sha512-5OX1tzOjxWEgsr/YEUWSuPrQ00deKLh6D7OTWcvNHm12/7QPyRh8SYpyWvA4IZv8H/+GQWQEh/kwo95Q9OVW1A==",
      "engines": {
        "node": ">=14.0.0"
      }
    },
    "node_modules/typescript": {
      "version": "5.3.3",
      "resolved": "https://registry.npmjs.org/typescript/-/typescript-5.3.3.tgz",
      "integrity": "sha512-pXWcraxM0uxAS+tN0AG/BF2TyqmHO014Z070UsJ+pFvYuRSq8KH8DmWpnbXe0pEPDHXZV3FcAbJkijJ5oNEnWw==",
      "bin": {
        "tsc": "bin/tsc",
        "tsserver": "bin/tsserver"
      },
      "engines": {
        "node": ">=14.17"
      }
    },
    "node_modules/undici-types": {
      "version": "5.26.5",
      "resolved": "https://registry.npmjs.org/undici-types/-/undici-types-5.26.5.tgz",
      "integrity": "sha512-JlCMO+ehdEIKqlFxk6IfVoAUVmgz7cU7zD/h9XZ0qzeosSHmUJVOzSQvvYSYWXkFXC+IfLKSIffhv0sVZup6pA==",
      "dev": true
    },
    "node_modules/webidl-conversions": {
      "version": "3.0.1",
      "resolved": "https://registry.npmjs.org/webidl-conversions/-/webidl-conversions-3.0.1.tgz",
      "integrity": "sha512-2JAn3z8AR6rjK8Sm8orRC0h/bcl/DqL7tRPdGZ4I1CjdF+EaMLmYxBHyXuKL849eucPFhvBoxMsflfOb8kxaeQ=="
    },
    "node_modules/whatwg-url": {
      "version": "5.0.0",
      "resolved": "https://registry.npmjs.org/whatwg-url/-/whatwg-url-5.0.0.tgz",
      "integrity": "sha512-saE57nupxk6v3HY35+jzBwYa0rKSy0XR8JSxZPwgLr7ys0IBzhGviA1/TUGJLmSVqs8pb9AnvICXEuOHLprYTw==",
      "dependencies": {
        "tr46": "~0.0.3",
        "webidl-conversions": "^3.0.0"
      }
    },
    "node_modules/ws": {
      "version": "7.5.9",
      "resolved": "https://registry.npmjs.org/ws/-/ws-7.5.9.tgz",
      "integrity": "sha512-F+P9Jil7UiSKSkppIiD94dN07AwvFixvLIj1Og1Rl9GGMuNipJnV9JzjD6XuqmAeiswGvUmNLjr5cFuXwNS77Q==",
      "engines": {
        "node": ">=8.3.0"
      },
      "peerDependencies": {
        "bufferutil": "^4.0.1",
        "utf-8-validate": "^5.0.2"
      },
      "peerDependenciesMeta": {
        "bufferutil": {
          "optional": true
        },
        "utf-8-validate": {
          "optional": true
        }
      }
    }
  },
  "dependencies": {
    "@cardano-ogmios/client": {
      "version": "6.0.3",
      "resolved": "https://registry.npmjs.org/@cardano-ogmios/client/-/client-6.0.3.tgz",
      "integrity": "sha512-Ezz12ZR2S6am4wJ20d0GAewWmNdM8e7ZSOSIXB0kTbrXUfkZBBagkUfS4iOKL+aJLsSRU+CgUbTSstA8K7ppEA==",
      "requires": {
        "@cardano-ogmios/schema": "6.0.3",
        "@cardanosolutions/json-bigint": "^1.0.1",
        "@types/json-bigint": "^1.0.1",
        "bech32": "^2.0.0",
        "cross-fetch": "^3.1.4",
        "fastq": "^1.11.0",
        "isomorphic-ws": "^4.0.1",
        "nanoid": "^3.1.31",
        "ts-custom-error": "^3.2.0",
        "ws": "^7.4.6"
      }
    },
    "@cardano-ogmios/schema": {
      "version": "6.0.3",
      "resolved": "https://registry.npmjs.org/@cardano-ogmios/schema/-/schema-6.0.3.tgz",
      "integrity": "sha512-WDqu/1gckAN49bZ4Gu6pW27kJm/tYiuN/e0H+QqzMOGoULHRTfDpEnyqb845KWa9vsV0iuMlePvSh8CdLImkyA=="
    },
    "@cardanosolutions/json-bigint": {
      "version": "1.0.1",
      "resolved": "https://registry.npmjs.org/@cardanosolutions/json-bigint/-/json-bigint-1.0.1.tgz",
      "integrity": "sha512-mbYL6jtHqMFCZnTFhmkmoeDzHMBino0gMiGQnOJE7CwzZzkK2HCpH0MTBk+84QDadMEGX7iFt7uB+levm1a+bQ==",
      "requires": {
        "bignumber.js": "^9.0.0"
      }
    },
    "@emurgo/cardano-serialization-lib-nodejs": {
      "version": "11.5.0",
      "resolved": "https://registry.npmjs.org/@emurgo/cardano-serialization-lib-nodejs/-/cardano-serialization-lib-nodejs-11.5.0.tgz",
      "integrity": "sha512-IlVABlRgo9XaTR1NunwZpWcxnfEv04ba2l1vkUz4S1W7Jt36F4CtffP+jPeqBZGnAe+fnUwo0XjIJC3ZTNToNQ=="
    },
    "@types/json-bigint": {
      "version": "1.0.4",
      "resolved": "https://registry.npmjs.org/@types/json-bigint/-/json-bigint-1.0.4.tgz",
      "integrity": "sha512-ydHooXLbOmxBbubnA7Eh+RpBzuaIiQjh8WGJYQB50JFGFrdxW7JzVlyEV7fAXw0T2sqJ1ysTneJbiyNLqZRAag=="
    },
    "@types/node": {
      "version": "20.11.19",
      "resolved": "https://registry.npmjs.org/@types/node/-/node-20.11.19.tgz",
      "integrity": "sha512-7xMnVEcZFu0DikYjWOlRq7NTPETrm7teqUT2WkQjrTIkEgUyyGdWsj/Zg8bEJt5TNklzbPD1X3fqfsHw3SpapQ==",
      "dev": true,
      "requires": {
        "undici-types": "~5.26.4"
      }
    },
    "bech32": {
      "version": "2.0.0",
      "resolved": "https://registry.npmjs.org/bech32/-/bech32-2.0.0.tgz",
      "integrity": "sha512-LcknSilhIGatDAsY1ak2I8VtGaHNhgMSYVxFrGLXv+xLHytaKZKcaUJJUE7qmBr7h33o5YQwP55pMI0xmkpJwg=="
    },
    "bignumber.js": {
      "version": "9.1.2",
      "resolved": "https://registry.npmjs.org/bignumber.js/-/bignumber.js-9.1.2.tgz",
      "integrity": "sha512-2/mKyZH9K85bzOEfhXDBFZTGd1CTs+5IHpeFQo9luiBG7hghdC851Pj2WAhb6E3R6b9tZj/XKhbg4fum+Kepug=="
    },
    "cross-fetch": {
      "version": "3.1.8",
      "resolved": "https://registry.npmjs.org/cross-fetch/-/cross-fetch-3.1.8.tgz",
      "integrity": "sha512-cvA+JwZoU0Xq+h6WkMvAUqPEYy92Obet6UdKLfW60qn99ftItKjB5T+BkyWOFWe2pUyfQ+IJHmpOTznqk1M6Kg==",
      "requires": {
        "node-fetch": "^2.6.12"
      }
    },
    "fastq": {
      "version": "1.17.1",
      "resolved": "https://registry.npmjs.org/fastq/-/fastq-1.17.1.tgz",
      "integrity": "sha512-sRVD3lWVIXWg6By68ZN7vho9a1pQcN/WBFaAAsDDFzlJjvoGx0P8z7V1t72grFJfJhu3YPZBuu25f7Kaw2jN1w==",
      "requires": {
        "reusify": "^1.0.4"
      }
    },
    "isomorphic-ws": {
      "version": "4.0.1",
      "resolved": "https://registry.npmjs.org/isomorphic-ws/-/isomorphic-ws-4.0.1.tgz",
      "integrity": "sha512-BhBvN2MBpWTaSHdWRb/bwdZJ1WaehQ2L1KngkCkfLUGF0mAWAT1sQUQacEmQ0jXkFw/czDXPNQSL5u2/Krsz1w==",
      "requires": {}
    },
    "lbf-demo-config-api": {
      "version": "file:.extra-dependencies/lbf-demo-config-api-1.0.0.tgz",
      "integrity": "sha512-oTdf/eVHe8+8EVMbu/y9GWMfrkmwiYf2N1GPlluw1xwzzKOAENUA1ThPcLODf93SwpH0en/J5qbyeTsxCdvLXA==",
      "requires": {
        "lbf-prelude": "file:.extra-dependencies/lbf-prelude-1.0.0.tgz",
        "lbr-prelude": "file:.extra-dependencies/lbr-prelude-1.0.0.tgz",
        "prelude": "file:.extra-dependencies/prelude-1.0.1.tgz"
      }
    },
    "lbf-demo-plutus-api": {
      "version": "file:.extra-dependencies/lbf-demo-plutus-api-1.0.0.tgz",
      "integrity": "sha512-rL2UccKmeSalCkogfttn6SBhp857nbGpFdhr6Bo95Y/aFGq6x2zLvmCyjyN2Sop5HMIephPEgodFzNbEvWXczA==",
      "requires": {
        "lbf-plutus": "file:.extra-dependencies/lbf-plutus-1.0.0.tgz",
        "lbf-prelude": "file:.extra-dependencies/lbf-prelude-1.0.0.tgz",
        "lbr-plutus": "file:.extra-dependencies/lbr-plutus-1.0.0.tgz",
        "lbr-prelude": "file:.extra-dependencies/lbr-prelude-1.0.0.tgz",
        "plutus-ledger-api": "file:.extra-dependencies/plutus-ledger-api-1.0.0.tgz",
        "prelude": "file:.extra-dependencies/prelude-1.0.1.tgz"
      }
    },
    "lbf-plutus": {
      "version": "file:.extra-dependencies/lbf-plutus-1.0.0.tgz",
      "integrity": "sha512-/dZoGs5Rzbm6oTfMl4X8s0T7HGXXYmdDc0iH3dz7+hquji6llL/qbDXBoy/N0R/xczSLRTPITTLD2/XuSUjDnQ==",
      "requires": {
        "lbf-prelude": "file:.extra-dependencies/lbf-prelude-1.0.0.tgz",
        "lbr-plutus": "file:.extra-dependencies/lbr-plutus-1.0.0.tgz",
        "lbr-prelude": "file:.extra-dependencies/lbr-prelude-1.0.0.tgz",
        "plutus-ledger-api": "file:.extra-dependencies/plutus-ledger-api-1.0.0.tgz",
        "prelude": "file:.extra-dependencies/prelude-1.0.1.tgz"
      }
    },
    "lbf-prelude": {
      "version": "file:.extra-dependencies/lbf-prelude-1.0.0.tgz",
      "integrity": "sha512-t1qy5dWNhy519XKCH1qTLxOfIwHAXSrj/e5p/GoxperD36U9bGxVnznmpbyjO/fUGS/y+9TtJ2hrLnQukywZlg==",
      "requires": {
        "lbr-prelude": "file:.extra-dependencies/lbr-prelude-1.0.0.tgz",
        "prelude": "file:.extra-dependencies/prelude-1.0.1.tgz"
      }
    },
    "lbr-plutus": {
      "version": "file:.extra-dependencies/lbr-plutus-1.0.0.tgz",
      "integrity": "sha512-i9Ym50dKceIPeIAkEezt5HIS4gabU5rjLlR81jIjjlAlDVDVK6iUgeWXWvtK5ugbEbeDmWbCz4d4aww7sImAVA==",
      "requires": {
        "lbr-prelude": "file:.extra-dependencies/lbr-prelude-1.0.0.tgz",
        "plutus-ledger-api": "file:.extra-dependencies/plutus-ledger-api-1.0.0.tgz",
        "prelude": "file:.extra-dependencies/prelude-1.0.1.tgz"
      }
    },
    "lbr-prelude": {
      "version": "file:.extra-dependencies/lbr-prelude-1.0.0.tgz",
      "integrity": "sha512-raSbQUgrD7fLHiqq4Hkd823pDJI4cTyn9CnYsehXXiMXLdJYBLA6sJchKAPDybn4DHQXgoTj9AKbMuSMmhLAHw==",
      "requires": {
        "prelude": "file:.extra-dependencies/prelude-1.0.1.tgz",
        "typescript": "^5.3.3"
      }
    },
    "nanoid": {
      "version": "3.3.7",
      "resolved": "https://registry.npmjs.org/nanoid/-/nanoid-3.3.7.tgz",
      "integrity": "sha512-eSRppjcPIatRIMC1U6UngP8XFcz8MQWGQdt1MTBQ7NaAmvXDfvNxbvWV3x2y6CdEUciCSsDHDQZbhYaB8QEo2g=="
    },
    "node-fetch": {
      "version": "2.7.0",
      "resolved": "https://registry.npmjs.org/node-fetch/-/node-fetch-2.7.0.tgz",
      "integrity": "sha512-c4FRfUm/dbcWZ7U+1Wq0AwCyFL+3nt2bEw05wfxSz+DWpWsitgmSgYmy2dQdWyKC1694ELPqMs/YzUSNozLt8A==",
      "requires": {
        "whatwg-url": "^5.0.0"
      }
    },
    "plutus-ledger-api": {
      "version": "file:.extra-dependencies/plutus-ledger-api-1.0.0.tgz",
      "integrity": "sha512-WNLlu5LCTj/3VVK+K9JDdxJC8vjolSnk97aJwADS3Rr3Gj/YZSi4Vge4MuZSz6Tpbf4IKglIizBKAwTkj6VjKQ==",
      "requires": {
        "prelude": "file:.extra-dependencies/prelude-1.0.1.tgz"
      }
    },
    "prelude": {
      "version": "file:.extra-dependencies/prelude-1.0.1.tgz",
      "integrity": "sha512-u1neUnrm4bxJSyMYTb549KhQiwDu1VJ0iDP3PFpdfl2aEPIdkw2Qz0efgS9PFb3xkrGx0qsRLTgQaBCUbh+ZVw=="
    },
    "reusify": {
      "version": "1.0.4",
      "resolved": "https://registry.npmjs.org/reusify/-/reusify-1.0.4.tgz",
      "integrity": "sha512-U9nH88a3fc/ekCF1l0/UP1IosiuIjyTh7hBvXVMHYgVcfGvt897Xguj2UOLDeI5BG2m7/uwyaLVT6fbtCwTyzw=="
    },
    "tr46": {
      "version": "0.0.3",
      "resolved": "https://registry.npmjs.org/tr46/-/tr46-0.0.3.tgz",
      "integrity": "sha512-N3WMsuqV66lT30CrXNbEjx4GEwlow3v6rr4mCcv6prnfwhS01rkgyFdjPNBYd9br7LpXV1+Emh01fHnq2Gdgrw=="
    },
    "ts-custom-error": {
      "version": "3.3.1",
      "resolved": "https://registry.npmjs.org/ts-custom-error/-/ts-custom-error-3.3.1.tgz",
      "integrity": "sha512-5OX1tzOjxWEgsr/YEUWSuPrQ00deKLh6D7OTWcvNHm12/7QPyRh8SYpyWvA4IZv8H/+GQWQEh/kwo95Q9OVW1A=="
    },
    "typescript": {
      "version": "5.3.3",
      "resolved": "https://registry.npmjs.org/typescript/-/typescript-5.3.3.tgz",
      "integrity": "sha512-pXWcraxM0uxAS+tN0AG/BF2TyqmHO014Z070UsJ+pFvYuRSq8KH8DmWpnbXe0pEPDHXZV3FcAbJkijJ5oNEnWw=="
    },
    "undici-types": {
      "version": "5.26.5",
      "resolved": "https://registry.npmjs.org/undici-types/-/undici-types-5.26.5.tgz",
      "integrity": "sha512-JlCMO+ehdEIKqlFxk6IfVoAUVmgz7cU7zD/h9XZ0qzeosSHmUJVOzSQvvYSYWXkFXC+IfLKSIffhv0sVZup6pA==",
      "dev": true
    },
    "webidl-conversions": {
      "version": "3.0.1",
      "resolved": "https://registry.npmjs.org/webidl-conversions/-/webidl-conversions-3.0.1.tgz",
      "integrity": "sha512-2JAn3z8AR6rjK8Sm8orRC0h/bcl/DqL7tRPdGZ4I1CjdF+EaMLmYxBHyXuKL849eucPFhvBoxMsflfOb8kxaeQ=="
    },
    "whatwg-url": {
      "version": "5.0.0",
      "resolved": "https://registry.npmjs.org/whatwg-url/-/whatwg-url-5.0.0.tgz",
      "integrity": "sha512-saE57nupxk6v3HY35+jzBwYa0rKSy0XR8JSxZPwgLr7ys0IBzhGviA1/TUGJLmSVqs8pb9AnvICXEuOHLprYTw==",
      "requires": {
        "tr46": "~0.0.3",
        "webidl-conversions": "^3.0.0"
      }
    },
    "ws": {
      "version": "7.5.9",
      "resolved": "https://registry.npmjs.org/ws/-/ws-7.5.9.tgz",
      "integrity": "sha512-F+P9Jil7UiSKSkppIiD94dN07AwvFixvLIj1Og1Rl9GGMuNipJnV9JzjD6XuqmAeiswGvUmNLjr5cFuXwNS77Q==",
      "requires": {}
    }
  }
}
